
Microsoft Visual Studio Solution File, Format Version 12.00
Project("{FAE04EC0-301F-11D3-BF4B-00C04F79EFBC}") = "ForumServiceAPI", "ForumService\ForumServiceAPI\ForumServiceAPI.csproj", "{37BCAFC6-CEED-4081-8EEE-BC39A102FDE7}"
EndProject
Project("{2150E333-8FDC-42A3-9474-1A3956D46DE8}") = "Forum Service", "Forum Service", "{98B4D01D-F254-4035-923F-E8A3B3297E77}"
EndProject
Project("{FAE04EC0-301F-11D3-BF4B-00C04F79EFBC}") = "ForumServiceModels", "ForumService\ForumServiceModels\ForumServiceModels.csproj", "{E394E590-44A2-48B6-A05D-9D320F9F8D5D}"
EndProject
Project("{FAE04EC0-301F-11D3-BF4B-00C04F79EFBC}") = "ForumServiceDAL", "ForumService\ForumServiceDAL\ForumServiceDAL.csproj", "{D2218E74-2E3A-495A-9842-DB6A85DE4AA7}"
EndProject
Project("{FAE04EC0-301F-11D3-BF4B-00C04F79EFBC}") = "ForumServiceLogic", "ForumService\ForumServiceLogic\ForumServiceLogic.csproj", "{E3C226A1-61D4-471A-A88D-70544E10DEBD}"
EndProject
Project("{FAE04EC0-301F-11D3-BF4B-00C04F79EFBC}") = "ForumServiceMessageBusConsumer", "ForumService\ForumServiceMessageBusConsumer\ForumServiceMessageBusConsumer.csproj", "{67FE7EF4-7B79-444D-8D47-E4EE4E787815}"
EndProject
Project("{FAE04EC0-301F-11D3-BF4B-00C04F79EFBC}") = "ForumServiceTest", "ForumService\ForumServiceTest\ForumServiceTest.csproj", "{538891E4-DC66-481A-9A3C-A0E000F4ADE9}"
EndProject
Project("{2150E333-8FDC-42A3-9474-1A3956D46DE8}") = "Account Service", "Account Service", "{373AC2F4-4ED7-4C9C-8F8D-681618CA8382}"
EndProject
Project("{FAE04EC0-301F-11D3-BF4B-00C04F79EFBC}") = "AccountServiceDAL", "AccountService\AccountServiceDAL\AccountServiceDAL.csproj", "{443A4C09-7835-45A5-9382-7B532FD7480B}"
EndProject
Project("{FAE04EC0-301F-11D3-BF4B-00C04F79EFBC}") = "AccountServiceAPI", "AccountService\AccountServiceAPI\AccountServiceAPI.csproj", "{6C06A598-C706-4986-84AC-656CEDD4AD8C}"
EndProject
Project("{FAE04EC0-301F-11D3-BF4B-00C04F79EFBC}") = "AccountServiceLogic", "AccountService\AccountServiceLogic\AccountServiceLogic.csproj", "{B1213A70-CFF2-43DF-8B7A-D7BB6EC2C5C2}"
EndProject
Project("{FAE04EC0-301F-11D3-BF4B-00C04F79EFBC}") = "AccountServiceMessageBus", "AccountService\AccountServiceMessageBus\AccountServiceMessageBus.csproj", "{40AFC283-BBCF-47CB-B70D-D9EF47DCA89F}"
EndProject
Project("{FAE04EC0-301F-11D3-BF4B-00C04F79EFBC}") = "AccountServiceModels", "AccountService\AccountServiceModels\AccountServiceModels.csproj", "{CA30473A-5F07-4CB0-BC13-19B92AE29E43}"
EndProject
Project("{FAE04EC0-301F-11D3-BF4B-00C04F79EFBC}") = "AccountServiceTest", "AccountService\AccountServiceTest\AccountServiceTest.csproj", "{C55AAAFA-FE8A-40F6-9E26-6FE4245D2A70}"
EndProject
Project("{FAE04EC0-301F-11D3-BF4B-00C04F79EFBC}") = "API Gateway", "API Gateway\API Gateway.csproj", "{E9257D85-3FAB-4C29-BE74-1D520C89E18F}"
EndProject
Project("{FAE04EC0-301F-11D3-BF4B-00C04F79EFBC}") = "PostServiceAPI", "PostService\PostServiceAPI\PostServiceAPI.csproj", "{3E951B6A-DD76-4547-9AA5-E7D17F2A4655}"
EndProject
Project("{2150E333-8FDC-42A3-9474-1A3956D46DE8}") = "Post Service", "Post Service", "{F8755BB2-EF9C-4A7C-B4CF-A09C48D9DB95}"
EndProject
Project("{FAE04EC0-301F-11D3-BF4B-00C04F79EFBC}") = "PostServiceDAL", "PostService\PostServiceDAL\PostServiceDAL.csproj", "{28DE233C-4132-4BB5-8D7A-368A4E78BB67}"
EndProject
Project("{FAE04EC0-301F-11D3-BF4B-00C04F79EFBC}") = "PostServiceLogic", "PostService\PostServiceLogic\PostServiceLogic.csproj", "{EBC3C83E-B17D-4FEE-90A1-097DAADE71D6}"
EndProject
Project("{FAE04EC0-301F-11D3-BF4B-00C04F79EFBC}") = "PostServiceMessageBusConsumer", "PostService\PostServiceMessageBusConsumer\PostServiceMessageBusConsumer.csproj", "{4E8FDB42-769B-46B5-BB3E-09475289D1D3}"
EndProject
Project("{FAE04EC0-301F-11D3-BF4B-00C04F79EFBC}") = "PostServiceModels", "PostService\PostServiceModels\PostServiceModels.csproj", "{7D3D63CC-EB35-4FEF-93B8-83B931012C35}"
EndProject
Project("{FAE04EC0-301F-11D3-BF4B-00C04F79EFBC}") = "PostServiceTest", "PostService\PostServiceTest\PostServiceTest.csproj", "{05DABCF1-A46E-4C36-96CA-DE29534EB1D7}"
EndProject
Project("{FAE04EC0-301F-11D3-BF4B-00C04F79EFBC}") = "PostServiceMessageBusProducer", "PostService\PostServiceMessageBusProducer\PostServiceMessageBusProducer.csproj", "{10634A64-F097-4D6B-AD79-2058C53C735F}"
EndProject
Project("{FAE04EC0-301F-11D3-BF4B-00C04F79EFBC}") = "ForumServiceMessageBusProducer", "ForumService\ForumServiceMessageBusProducer\ForumServiceMessageBusProducer.csproj", "{65F54141-2169-4027-A15F-CDC27976070F}"
EndProject
Global
	GlobalSection(SolutionConfigurationPlatforms) = preSolution
		Debug|Any CPU = Debug|Any CPU
		Release|Any CPU = Release|Any CPU
	EndGlobalSection
	GlobalSection(ProjectConfigurationPlatforms) = postSolution
		{37BCAFC6-CEED-4081-8EEE-BC39A102FDE7}.Debug|Any CPU.ActiveCfg = Debug|Any CPU
		{37BCAFC6-CEED-4081-8EEE-BC39A102FDE7}.Debug|Any CPU.Build.0 = Debug|Any CPU
		{37BCAFC6-CEED-4081-8EEE-BC39A102FDE7}.Release|Any CPU.ActiveCfg = Release|Any CPU
		{37BCAFC6-CEED-4081-8EEE-BC39A102FDE7}.Release|Any CPU.Build.0 = Release|Any CPU
		{E394E590-44A2-48B6-A05D-9D320F9F8D5D}.Debug|Any CPU.ActiveCfg = Debug|Any CPU
		{E394E590-44A2-48B6-A05D-9D320F9F8D5D}.Debug|Any CPU.Build.0 = Debug|Any CPU
		{E394E590-44A2-48B6-A05D-9D320F9F8D5D}.Release|Any CPU.ActiveCfg = Release|Any CPU
		{E394E590-44A2-48B6-A05D-9D320F9F8D5D}.Release|Any CPU.Build.0 = Release|Any CPU
		{D2218E74-2E3A-495A-9842-DB6A85DE4AA7}.Debug|Any CPU.ActiveCfg = Debug|Any CPU
		{D2218E74-2E3A-495A-9842-DB6A85DE4AA7}.Debug|Any CPU.Build.0 = Debug|Any CPU
		{D2218E74-2E3A-495A-9842-DB6A85DE4AA7}.Release|Any CPU.ActiveCfg = Release|Any CPU
		{D2218E74-2E3A-495A-9842-DB6A85DE4AA7}.Release|Any CPU.Build.0 = Release|Any CPU
		{E3C226A1-61D4-471A-A88D-70544E10DEBD}.Debug|Any CPU.ActiveCfg = Debug|Any CPU
		{E3C226A1-61D4-471A-A88D-70544E10DEBD}.Debug|Any CPU.Build.0 = Debug|Any CPU
		{E3C226A1-61D4-471A-A88D-70544E10DEBD}.Release|Any CPU.ActiveCfg = Release|Any CPU
		{E3C226A1-61D4-471A-A88D-70544E10DEBD}.Release|Any CPU.Build.0 = Release|Any CPU
		{67FE7EF4-7B79-444D-8D47-E4EE4E787815}.Debug|Any CPU.ActiveCfg = Debug|Any CPU
		{67FE7EF4-7B79-444D-8D47-E4EE4E787815}.Debug|Any CPU.Build.0 = Debug|Any CPU
		{67FE7EF4-7B79-444D-8D47-E4EE4E787815}.Release|Any CPU.ActiveCfg = Release|Any CPU
		{67FE7EF4-7B79-444D-8D47-E4EE4E787815}.Release|Any CPU.Build.0 = Release|Any CPU
		{538891E4-DC66-481A-9A3C-A0E000F4ADE9}.Debug|Any CPU.ActiveCfg = Debug|Any CPU
		{538891E4-DC66-481A-9A3C-A0E000F4ADE9}.Debug|Any CPU.Build.0 = Debug|Any CPU
		{538891E4-DC66-481A-9A3C-A0E000F4ADE9}.Release|Any CPU.ActiveCfg = Release|Any CPU
		{538891E4-DC66-481A-9A3C-A0E000F4ADE9}.Release|Any CPU.Build.0 = Release|Any CPU
		{443A4C09-7835-45A5-9382-7B532FD7480B}.Debug|Any CPU.ActiveCfg = Debug|Any CPU
		{443A4C09-7835-45A5-9382-7B532FD7480B}.Debug|Any CPU.Build.0 = Debug|Any CPU
		{443A4C09-7835-45A5-9382-7B532FD7480B}.Release|Any CPU.ActiveCfg = Release|Any CPU
		{443A4C09-7835-45A5-9382-7B532FD7480B}.Release|Any CPU.Build.0 = Release|Any CPU
		{6C06A598-C706-4986-84AC-656CEDD4AD8C}.Debug|Any CPU.ActiveCfg = Debug|Any CPU
		{6C06A598-C706-4986-84AC-656CEDD4AD8C}.Debug|Any CPU.Build.0 = Debug|Any CPU
		{6C06A598-C706-4986-84AC-656CEDD4AD8C}.Release|Any CPU.ActiveCfg = Release|Any CPU
		{6C06A598-C706-4986-84AC-656CEDD4AD8C}.Release|Any CPU.Build.0 = Release|Any CPU
		{B1213A70-CFF2-43DF-8B7A-D7BB6EC2C5C2}.Debug|Any CPU.ActiveCfg = Debug|Any CPU
		{B1213A70-CFF2-43DF-8B7A-D7BB6EC2C5C2}.Debug|Any CPU.Build.0 = Debug|Any CPU
		{B1213A70-CFF2-43DF-8B7A-D7BB6EC2C5C2}.Release|Any CPU.ActiveCfg = Release|Any CPU
		{B1213A70-CFF2-43DF-8B7A-D7BB6EC2C5C2}.Release|Any CPU.Build.0 = Release|Any CPU
		{40AFC283-BBCF-47CB-B70D-D9EF47DCA89F}.Debug|Any CPU.ActiveCfg = Debug|Any CPU
		{40AFC283-BBCF-47CB-B70D-D9EF47DCA89F}.Debug|Any CPU.Build.0 = Debug|Any CPU
		{40AFC283-BBCF-47CB-B70D-D9EF47DCA89F}.Release|Any CPU.ActiveCfg = Release|Any CPU
		{40AFC283-BBCF-47CB-B70D-D9EF47DCA89F}.Release|Any CPU.Build.0 = Release|Any CPU
		{CA30473A-5F07-4CB0-BC13-19B92AE29E43}.Debug|Any CPU.ActiveCfg = Debug|Any CPU
		{CA30473A-5F07-4CB0-BC13-19B92AE29E43}.Debug|Any CPU.Build.0 = Debug|Any CPU
		{CA30473A-5F07-4CB0-BC13-19B92AE29E43}.Release|Any CPU.ActiveCfg = Release|Any CPU
		{CA30473A-5F07-4CB0-BC13-19B92AE29E43}.Release|Any CPU.Build.0 = Release|Any CPU
		{C55AAAFA-FE8A-40F6-9E26-6FE4245D2A70}.Debug|Any CPU.ActiveCfg = Debug|Any CPU
		{C55AAAFA-FE8A-40F6-9E26-6FE4245D2A70}.Debug|Any CPU.Build.0 = Debug|Any CPU
		{C55AAAFA-FE8A-40F6-9E26-6FE4245D2A70}.Release|Any CPU.ActiveCfg = Release|Any CPU
		{C55AAAFA-FE8A-40F6-9E26-6FE4245D2A70}.Release|Any CPU.Build.0 = Release|Any CPU
		{E9257D85-3FAB-4C29-BE74-1D520C89E18F}.Debug|Any CPU.ActiveCfg = Debug|Any CPU
		{E9257D85-3FAB-4C29-BE74-1D520C89E18F}.Debug|Any CPU.Build.0 = Debug|Any CPU
		{E9257D85-3FAB-4C29-BE74-1D520C89E18F}.Release|Any CPU.ActiveCfg = Release|Any CPU
		{E9257D85-3FAB-4C29-BE74-1D520C89E18F}.Release|Any CPU.Build.0 = Release|Any CPU
		{3E951B6A-DD76-4547-9AA5-E7D17F2A4655}.Debug|Any CPU.ActiveCfg = Debug|Any CPU
		{3E951B6A-DD76-4547-9AA5-E7D17F2A4655}.Debug|Any CPU.Build.0 = Debug|Any CPU
		{3E951B6A-DD76-4547-9AA5-E7D17F2A4655}.Release|Any CPU.ActiveCfg = Release|Any CPU
		{3E951B6A-DD76-4547-9AA5-E7D17F2A4655}.Release|Any CPU.Build.0 = Release|Any CPU
		{28DE233C-4132-4BB5-8D7A-368A4E78BB67}.Debug|Any CPU.ActiveCfg = Debug|Any CPU
		{28DE233C-4132-4BB5-8D7A-368A4E78BB67}.Debug|Any CPU.Build.0 = Debug|Any CPU
		{28DE233C-4132-4BB5-8D7A-368A4E78BB67}.Release|Any CPU.ActiveCfg = Release|Any CPU
		{28DE233C-4132-4BB5-8D7A-368A4E78BB67}.Release|Any CPU.Build.0 = Release|Any CPU
		{EBC3C83E-B17D-4FEE-90A1-097DAADE71D6}.Debug|Any CPU.ActiveCfg = Debug|Any CPU
		{EBC3C83E-B17D-4FEE-90A1-097DAADE71D6}.Debug|Any CPU.Build.0 = Debug|Any CPU
		{EBC3C83E-B17D-4FEE-90A1-097DAADE71D6}.Release|Any CPU.ActiveCfg = Release|Any CPU
		{EBC3C83E-B17D-4FEE-90A1-097DAADE71D6}.Release|Any CPU.Build.0 = Release|Any CPU
		{4E8FDB42-769B-46B5-BB3E-09475289D1D3}.Debug|Any CPU.ActiveCfg = Debug|Any CPU
		{4E8FDB42-769B-46B5-BB3E-09475289D1D3}.Debug|Any CPU.Build.0 = Debug|Any CPU
		{4E8FDB42-769B-46B5-BB3E-09475289D1D3}.Release|Any CPU.ActiveCfg = Release|Any CPU
		{4E8FDB42-769B-46B5-BB3E-09475289D1D3}.Release|Any CPU.Build.0 = Release|Any CPU
		{7D3D63CC-EB35-4FEF-93B8-83B931012C35}.Debug|Any CPU.ActiveCfg = Debug|Any CPU
		{7D3D63CC-EB35-4FEF-93B8-83B931012C35}.Debug|Any CPU.Build.0 = Debug|Any CPU
		{7D3D63CC-EB35-4FEF-93B8-83B931012C35}.Release|Any CPU.ActiveCfg = Release|Any CPU
		{7D3D63CC-EB35-4FEF-93B8-83B931012C35}.Release|Any CPU.Build.0 = Release|Any CPU
		{05DABCF1-A46E-4C36-96CA-DE29534EB1D7}.Debug|Any CPU.ActiveCfg = Debug|Any CPU
		{05DABCF1-A46E-4C36-96CA-DE29534EB1D7}.Debug|Any CPU.Build.0 = Debug|Any CPU
		{05DABCF1-A46E-4C36-96CA-DE29534EB1D7}.Release|Any CPU.ActiveCfg = Release|Any CPU
		{05DABCF1-A46E-4C36-96CA-DE29534EB1D7}.Release|Any CPU.Build.0 = Release|Any CPU
		{10634A64-F097-4D6B-AD79-2058C53C735F}.Debug|Any CPU.ActiveCfg = Debug|Any CPU
		{10634A64-F097-4D6B-AD79-2058C53C735F}.Debug|Any CPU.Build.0 = Debug|Any CPU
		{10634A64-F097-4D6B-AD79-2058C53C735F}.Release|Any CPU.ActiveCfg = Release|Any CPU
		{10634A64-F097-4D6B-AD79-2058C53C735F}.Release|Any CPU.Build.0 = Release|Any CPU
		{65F54141-2169-4027-A15F-CDC27976070F}.Debug|Any CPU.ActiveCfg = Debug|Any CPU
		{65F54141-2169-4027-A15F-CDC27976070F}.Debug|Any CPU.Build.0 = Debug|Any CPU
		{65F54141-2169-4027-A15F-CDC27976070F}.Release|Any CPU.ActiveCfg = Release|Any CPU
		{65F54141-2169-4027-A15F-CDC27976070F}.Release|Any CPU.Build.0 = Release|Any CPU
	EndGlobalSection
	GlobalSection(NestedProjects) = preSolution
		{37BCAFC6-CEED-4081-8EEE-BC39A102FDE7} = {98B4D01D-F254-4035-923F-E8A3B3297E77}
		{E394E590-44A2-48B6-A05D-9D320F9F8D5D} = {98B4D01D-F254-4035-923F-E8A3B3297E77}
		{D2218E74-2E3A-495A-9842-DB6A85DE4AA7} = {98B4D01D-F254-4035-923F-E8A3B3297E77}
		{E3C226A1-61D4-471A-A88D-70544E10DEBD} = {98B4D01D-F254-4035-923F-E8A3B3297E77}
		{67FE7EF4-7B79-444D-8D47-E4EE4E787815} = {98B4D01D-F254-4035-923F-E8A3B3297E77}
		{538891E4-DC66-481A-9A3C-A0E000F4ADE9} = {98B4D01D-F254-4035-923F-E8A3B3297E77}
		{443A4C09-7835-45A5-9382-7B532FD7480B} = {373AC2F4-4ED7-4C9C-8F8D-681618CA8382}
		{6C06A598-C706-4986-84AC-656CEDD4AD8C} = {373AC2F4-4ED7-4C9C-8F8D-681618CA8382}
		{B1213A70-CFF2-43DF-8B7A-D7BB6EC2C5C2} = {373AC2F4-4ED7-4C9C-8F8D-681618CA8382}
		{40AFC283-BBCF-47CB-B70D-D9EF47DCA89F} = {373AC2F4-4ED7-4C9C-8F8D-681618CA8382}
		{CA30473A-5F07-4CB0-BC13-19B92AE29E43} = {373AC2F4-4ED7-4C9C-8F8D-681618CA8382}
		{C55AAAFA-FE8A-40F6-9E26-6FE4245D2A70} = {373AC2F4-4ED7-4C9C-8F8D-681618CA8382}
		{3E951B6A-DD76-4547-9AA5-E7D17F2A4655} = {F8755BB2-EF9C-4A7C-B4CF-A09C48D9DB95}
		{28DE233C-4132-4BB5-8D7A-368A4E78BB67} = {F8755BB2-EF9C-4A7C-B4CF-A09C48D9DB95}
		{EBC3C83E-B17D-4FEE-90A1-097DAADE71D6} = {F8755BB2-EF9C-4A7C-B4CF-A09C48D9DB95}
		{4E8FDB42-769B-46B5-BB3E-09475289D1D3} = {F8755BB2-EF9C-4A7C-B4CF-A09C48D9DB95}
		{7D3D63CC-EB35-4FEF-93B8-83B931012C35} = {F8755BB2-EF9C-4A7C-B4CF-A09C48D9DB95}
		{05DABCF1-A46E-4C36-96CA-DE29534EB1D7} = {F8755BB2-EF9C-4A7C-B4CF-A09C48D9DB95}
		{10634A64-F097-4D6B-AD79-2058C53C735F} = {F8755BB2-EF9C-4A7C-B4CF-A09C48D9DB95}
		{65F54141-2169-4027-A15F-CDC27976070F} = {98B4D01D-F254-4035-923F-E8A3B3297E77}
	EndGlobalSection
EndGlobal
